{
  "name": "redux-demo",
  "version": "0.0.1",
  "lockfileVersion": 1,
  "requires": true,
  "dependencies": {
    "react-lightweight-tooltip": {
      "version": "1.0.0",
      "resolved": "https://registry.npmjs.org/react-lightweight-tooltip/-/react-lightweight-tooltip-1.0.0.tgz",
      "integrity": "sha512-OQvgdiPfWbAjudT8Q+V2aWsySCJW0aQ3wNjfOw1ooamydEQkDxRfWqfnEhCYLneCz67d+r3kBYoZlpAx5S+VWA=="
    }
  }
}
